PODS:
  - PagingMenuController (0.7.5)
  - TFTransparentNavigationBar (0.2.0)
  - XLForm (3.0.2)

DEPENDENCIES:
  - PagingMenuController
  - TFTransparentNavigationBar
  - XLForm (~> 3.0.0)

SPEC CHECKSUMS:
  PagingMenuController: ea590be94de2332a1f78fbbc45fa6f49405279ea
  TFTransparentNavigationBar: f7a448a61d21baa0a138b4bd2db77119861abb68
  XLForm: 7817ce29f3f259186e837bb7309ac7e5b7e9b883

COCOAPODS: 0.39.0
