// !$*UTF8*$!
{
	archiveVersion = 1;
	classes = {
	};
	objectVersion = 46;
	objects = {

/* Begin PBXBuildFile section */
		18068EEC1BBF25AC00688FBC /* SugerirRestVC.swift in Sources */ = {isa = PBXBuildFile; fileRef = 18068EEB1BBF25AC00688FBC /* SugerirRestVC.swift */; };
		180728641BD7288D00E687B8 /* AvatarImageView.swift in Sources */ = {isa = PBXBuildFile; fileRef = 1807285F1BD7288D00E687B8 /* AvatarImageView.swift */; };
		180728651BD7288D00E687B8 /* FXBlurView.m in Sources */ = {isa = PBXBuildFile; fileRef = 180728611BD7288D00E687B8 /* FXBlurView.m */; };
		180728661BD7288D00E687B8 /* TWTButton.swift in Sources */ = {isa = PBXBuildFile; fileRef = 180728631BD7288D00E687B8 /* TWTButton.swift */; };
		180728731BD74CEB00E687B8 /* RestInfo.swift in Sources */ = {isa = PBXBuildFile; fileRef = 180728721BD74CEB00E687B8 /* RestInfo.swift */; };
		1810C13E1BBC4F9300AA353C /* PedidosViewController.swift in Sources */ = {isa = PBXBuildFile; fileRef = 1810C13D1BBC4F9300AA353C /* PedidosViewController.swift */; };
		1821778D1BD5712600CB08C2 /* RestauranteVC.swift in Sources */ = {isa = PBXBuildFile; fileRef = 1821778C1BD5712600CB08C2 /* RestauranteVC.swift */; };
		1821778F1BD5720100CB08C2 /* CardapioTableVC.swift in Sources */ = {isa = PBXBuildFile; fileRef = 1821778E1BD5720100CB08C2 /* CardapioTableVC.swift */; };
		182177911BD5722D00CB08C2 /* LocalizacaoVC.swift in Sources */ = {isa = PBXBuildFile; fileRef = 182177901BD5722D00CB08C2 /* LocalizacaoVC.swift */; };
		182642511BC37FFA003BF101 /* SobreTVC.swift in Sources */ = {isa = PBXBuildFile; fileRef = 182642501BC37FFA003BF101 /* SobreTVC.swift */; };
		182642561BC3822A003BF101 /* RestSobreTVCell.swift in Sources */ = {isa = PBXBuildFile; fileRef = 182642551BC3822A003BF101 /* RestSobreTVCell.swift */; };
		185357621BBF5CB400C59B2C /* FiltroVC.swift in Sources */ = {isa = PBXBuildFile; fileRef = 185357611BBF5CB400C59B2C /* FiltroVC.swift */; };
		18F98C201BBDB51900760B2E /* PedidosAndamentoVC.swift in Sources */ = {isa = PBXBuildFile; fileRef = 18F98C1F1BBDB51900760B2E /* PedidosAndamentoVC.swift */; };
		18F98C221BBDB79A00760B2E /* PedidosRealizadosVC.swift in Sources */ = {isa = PBXBuildFile; fileRef = 18F98C211BBDB79A00760B2E /* PedidosRealizadosVC.swift */; };
		4F637471CC86F50F171478AF /* Pods.framework in Frameworks */ = {isa = PBXBuildFile; fileRef = 818F40CB40D6B62E5A3E1BAE /* Pods.framework */; };
		9725AF521BB4DE3300EBC054 /* MenuVC.swift in Sources */ = {isa = PBXBuildFile; fileRef = 9725AF511BB4DE3300EBC054 /* MenuVC.swift */; };
		9725AF541BB4E30200EBC054 /* Promocoes.swift in Sources */ = {isa = PBXBuildFile; fileRef = 9725AF531BB4E30200EBC054 /* Promocoes.swift */; };
		975DAEA11BB715E000FCAB88 /* MenuCell.swift in Sources */ = {isa = PBXBuildFile; fileRef = 975DAEA01BB715E000FCAB88 /* MenuCell.swift */; };
		975DAEA31BB71E7900FCAB88 /* RestaurantesCell.swift in Sources */ = {isa = PBXBuildFile; fileRef = 975DAEA21BB71E7900FCAB88 /* RestaurantesCell.swift */; };
		975DAEA51BB7219C00FCAB88 /* PromocaoCell.swift in Sources */ = {isa = PBXBuildFile; fileRef = 975DAEA41BB7219C00FCAB88 /* PromocaoCell.swift */; };
		975F77D41BBA18D70054F76C /* Podfile in Resources */ = {isa = PBXBuildFile; fileRef = 975F77D31BBA18D70054F76C /* Podfile */; };
		9768E1A21BF8D7E400CC6624 /* SWRevealViewController.m in Sources */ = {isa = PBXBuildFile; fileRef = 9768E1A11BF8D7E400CC6624 /* SWRevealViewController.m */; };
		9768E1A41BF8F0BF00CC6624 /* PromocaoRestCell.swift in Sources */ = {isa = PBXBuildFile; fileRef = 9768E1A31BF8F0BF00CC6624 /* PromocaoRestCell.swift */; };
		978AAE5C1C024AE30036FF96 /* FBSDKCoreKit.framework in Frameworks */ = {isa = PBXBuildFile; fileRef = 978AAE591C024AE30036FF96 /* FBSDKCoreKit.framework */; };
		978AAE5D1C024AE30036FF96 /* FBSDKLoginKit.framework in Frameworks */ = {isa = PBXBuildFile; fileRef = 978AAE5A1C024AE30036FF96 /* FBSDKLoginKit.framework */; };
		978AAE5E1C024AE30036FF96 /* FBSDKShareKit.framework in Frameworks */ = {isa = PBXBuildFile; fileRef = 978AAE5B1C024AE30036FF96 /* FBSDKShareKit.framework */; };
		978AAE631C025BD70036FF96 /* LoginViewController.swift in Sources */ = {isa = PBXBuildFile; fileRef = 978AAE621C025BD70036FF96 /* LoginViewController.swift */; };
		97B22C091BF55AC600ED8C10 /* PromocaoTableVC.swift in Sources */ = {isa = PBXBuildFile; fileRef = 97B22C081BF55AC600ED8C10 /* PromocaoTableVC.swift */; };
		97B22C0C1BF7838100ED8C10 /* MapViewController.swift in Sources */ = {isa = PBXBuildFile; fileRef = 97B22C0B1BF7838100ED8C10 /* MapViewController.swift */; };
		97B22C0E1BF784CF00ED8C10 /* MapKit.framework in Frameworks */ = {isa = PBXBuildFile; fileRef = 97B22C0D1BF784CF00ED8C10 /* MapKit.framework */; };
		97B22C101BF7AD2C00ED8C10 /* RestauranteAnnotation.swift in Sources */ = {isa = PBXBuildFile; fileRef = 97B22C0F1BF7AD2C00ED8C10 /* RestauranteAnnotation.swift */; };
		97B39BDF1C02A1280056F2F6 /* background.mov in Resources */ = {isa = PBXBuildFile; fileRef = 97B39BDE1C02A1280056F2F6 /* background.mov */; };
		97D6A7281BA90FA700FD5993 /* RestaurantesTableVC.swift in Sources */ = {isa = PBXBuildFile; fileRef = 97D6A7271BA90FA700FD5993 /* RestaurantesTableVC.swift */; };
		97D6A72B1BA9104A00FD5993 /* HamburgerButton.swift in Sources */ = {isa = PBXBuildFile; fileRef = 97D6A72A1BA9104A00FD5993 /* HamburgerButton.swift */; };
		97DBB1BF1BA0E35B0089426A /* AppDelegate.swift in Sources */ = {isa = PBXBuildFile; fileRef = 97DBB1BE1BA0E35B0089426A /* AppDelegate.swift */; };
		97DBB1C41BA0E35B0089426A /* Main.storyboard in Resources */ = {isa = PBXBuildFile; fileRef = 97DBB1C21BA0E35B0089426A /* Main.storyboard */; };
		97DBB1C61BA0E35B0089426A /* Assets.xcassets in Resources */ = {isa = PBXBuildFile; fileRef = 97DBB1C51BA0E35B0089426A /* Assets.xcassets */; };
		97DBB1C91BA0E35B0089426A /* LaunchScreen.storyboard in Resources */ = {isa = PBXBuildFile; fileRef = 97DBB1C71BA0E35B0089426A /* LaunchScreen.storyboard */; };
		97DBB1D41BA0E35B0089426A /* Tudo_On_LineTests.swift in Sources */ = {isa = PBXBuildFile; fileRef = 97DBB1D31BA0E35B0089426A /* Tudo_On_LineTests.swift */; };
		97DBB1DF1BA0E35B0089426A /* Tudo_On_LineUITests.swift in Sources */ = {isa = PBXBuildFile; fileRef = 97DBB1DE1BA0E35B0089426A /* Tudo_On_LineUITests.swift */; };
		97DBB1E41BA0E35B0089426A /* Tudo On Line WatchKit App.app in Embed Watch Content */ = {isa = PBXBuildFile; fileRef = 97DBB1E31BA0E35B0089426A /* Tudo On Line WatchKit App.app */; };
		97DBB1EA1BA0E35B0089426A /* Interface.storyboard in Resources */ = {isa = PBXBuildFile; fileRef = 97DBB1E81BA0E35B0089426A /* Interface.storyboard */; };
		97DBB1EC1BA0E35C0089426A /* Assets.xcassets in Resources */ = {isa = PBXBuildFile; fileRef = 97DBB1EB1BA0E35C0089426A /* Assets.xcassets */; };
		97DBB1F31BA0E35C0089426A /* Tudo On Line WatchKit Extension.appex in Embed App Extensions */ = {isa = PBXBuildFile; fileRef = 97DBB1F21BA0E35C0089426A /* Tudo On Line WatchKit Extension.appex */; settings = {ATTRIBUTES = (RemoveHeadersOnCopy, ); }; };
		97DBB1FA1BA0E35C0089426A /* InterfaceController.swift in Sources */ = {isa = PBXBuildFile; fileRef = 97DBB1F91BA0E35C0089426A /* InterfaceController.swift */; };
		97DBB1FC1BA0E35C0089426A /* ExtensionDelegate.swift in Sources */ = {isa = PBXBuildFile; fileRef = 97DBB1FB1BA0E35C0089426A /* ExtensionDelegate.swift */; };
		97DBB1FE1BA0E35C0089426A /* NotificationController.swift in Sources */ = {isa = PBXBuildFile; fileRef = 97DBB1FD1BA0E35C0089426A /* NotificationController.swift */; };
		97DBB2001BA0E35C0089426A /* Assets.xcassets in Resources */ = {isa = PBXBuildFile; fileRef = 97DBB1FF1BA0E35C0089426A /* Assets.xcassets */; };
		97DBB2161BA1125C0089426A /* CustomView.swift in Sources */ = {isa = PBXBuildFile; fileRef = 97DBB2151BA1125C0089426A /* CustomView.swift */; };
/* End PBXBuildFile section */

/* Begin PBXContainerItemProxy section */
		97DBB1D01BA0E35B0089426A /* PBXContainerItemProxy */ = {
			isa = PBXContainerItemProxy;
			containerPortal = 97DBB1B31BA0E35B0089426A /* Project object */;
			proxyType = 1;
			remoteGlobalIDString = 97DBB1BA1BA0E35B0089426A;
			remoteInfo = "Tudo On Line";
		};
		97DBB1DB1BA0E35B0089426A /* PBXContainerItemProxy */ = {
			isa = PBXContainerItemProxy;
			containerPortal = 97DBB1B31BA0E35B0089426A /* Project object */;
			proxyType = 1;
			remoteGlobalIDString = 97DBB1BA1BA0E35B0089426A;
			remoteInfo = "Tudo On Line";
		};
		97DBB1E51BA0E35B0089426A /* PBXContainerItemProxy */ = {
			isa = PBXContainerItemProxy;
			containerPortal = 97DBB1B31BA0E35B0089426A /* Project object */;
			proxyType = 1;
			remoteGlobalIDString = 97DBB1E21BA0E35B0089426A;
			remoteInfo = "Tudo On Line WatchKit App";
		};
		97DBB1F41BA0E35C0089426A /* PBXContainerItemProxy */ = {
			isa = PBXContainerItemProxy;
			containerPortal = 97DBB1B31BA0E35B0089426A /* Project object */;
			proxyType = 1;
			remoteGlobalIDString = 97DBB1F11BA0E35C0089426A;
			remoteInfo = "Tudo On Line WatchKit Extension";
		};
/* End PBXContainerItemProxy section */

/* Begin PBXCopyFilesBuildPhase section */
		97DBB2071BA0E35C0089426A /* Embed App Extensions */ = {
			isa = PBXCopyFilesBuildPhase;
			buildActionMask = 2147483647;
			dstPath = "";
			dstSubfolderSpec = 13;
			files = (
				97DBB1F31BA0E35C0089426A /* Tudo On Line WatchKit Extension.appex in Embed App Extensions */,
			);
			name = "Embed App Extensions";
			runOnlyForDeploymentPostprocessing = 0;
		};
		97DBB20B1BA0E35C0089426A /* Embed Watch Content */ = {
			isa = PBXCopyFilesBuildPhase;
			buildActionMask = 2147483647;
			dstPath = "$(CONTENTS_FOLDER_PATH)/Watch";
			dstSubfolderSpec = 16;
			files = (
				97DBB1E41BA0E35B0089426A /* Tudo On Line WatchKit App.app in Embed Watch Content */,
			);
			name = "Embed Watch Content";
			runOnlyForDeploymentPostprocessing = 0;
		};
/* End PBXCopyFilesBuildPhase section */

/* Begin PBXFileReference section */
		18068EEB1BBF25AC00688FBC /* SugerirRestVC.swift */ = {isa = PBXFileReference; fileEncoding = 4; lastKnownFileType = sourcecode.swift; path = SugerirRestVC.swift; sourceTree = "<group>"; };
		1807285F1BD7288D00E687B8 /* AvatarImageView.swift */ = {isa = PBXFileReference; fileEncoding = 4; lastKnownFileType = sourcecode.swift; path = AvatarImageView.swift; sourceTree = "<group>"; };
		180728601BD7288D00E687B8 /* FXBlurView.h */ = {isa = PBXFileReference; fileEncoding = 4; lastKnownFileType = sourcecode.c.h; path = FXBlurView.h; sourceTree = "<group>"; };
		180728611BD7288D00E687B8 /* FXBlurView.m */ = {isa = PBXFileReference; fileEncoding = 4; lastKnownFileType = sourcecode.c.objc; path = FXBlurView.m; sourceTree = "<group>"; };
		180728631BD7288D00E687B8 /* TWTButton.swift */ = {isa = PBXFileReference; fileEncoding = 4; lastKnownFileType = sourcecode.swift; path = TWTButton.swift; sourceTree = "<group>"; };
		180728721BD74CEB00E687B8 /* RestInfo.swift */ = {isa = PBXFileReference; fileEncoding = 4; lastKnownFileType = sourcecode.swift; path = RestInfo.swift; sourceTree = "<group>"; };
		1810C13D1BBC4F9300AA353C /* PedidosViewController.swift */ = {isa = PBXFileReference; fileEncoding = 4; lastKnownFileType = sourcecode.swift; path = PedidosViewController.swift; sourceTree = "<group>"; };
		1821778C1BD5712600CB08C2 /* RestauranteVC.swift */ = {isa = PBXFileReference; fileEncoding = 4; lastKnownFileType = sourcecode.swift; path = RestauranteVC.swift; sourceTree = "<group>"; };
		1821778E1BD5720100CB08C2 /* CardapioTableVC.swift */ = {isa = PBXFileReference; fileEncoding = 4; lastKnownFileType = sourcecode.swift; path = CardapioTableVC.swift; sourceTree = "<group>"; };
		182177901BD5722D00CB08C2 /* LocalizacaoVC.swift */ = {isa = PBXFileReference; fileEncoding = 4; lastKnownFileType = sourcecode.swift; path = LocalizacaoVC.swift; sourceTree = "<group>"; };
		182642501BC37FFA003BF101 /* SobreTVC.swift */ = {isa = PBXFileReference; fileEncoding = 4; lastKnownFileType = sourcecode.swift; path = SobreTVC.swift; sourceTree = "<group>"; };
		182642551BC3822A003BF101 /* RestSobreTVCell.swift */ = {isa = PBXFileReference; fileEncoding = 4; lastKnownFileType = sourcecode.swift; path = RestSobreTVCell.swift; sourceTree = "<group>"; };
		185357611BBF5CB400C59B2C /* FiltroVC.swift */ = {isa = PBXFileReference; fileEncoding = 4; lastKnownFileType = sourcecode.swift; path = FiltroVC.swift; sourceTree = "<group>"; };
		18F98C1F1BBDB51900760B2E /* PedidosAndamentoVC.swift */ = {isa = PBXFileReference; fileEncoding = 4; lastKnownFileType = sourcecode.swift; path = PedidosAndamentoVC.swift; sourceTree = "<group>"; };
		18F98C211BBDB79A00760B2E /* PedidosRealizadosVC.swift */ = {isa = PBXFileReference; fileEncoding = 4; lastKnownFileType = sourcecode.swift; path = PedidosRealizadosVC.swift; sourceTree = "<group>"; };
		20CBB89D15F5038909F37E08 /* Pods.release.xcconfig */ = {isa = PBXFileReference; includeInIndex = 1; lastKnownFileType = text.xcconfig; name = Pods.release.xcconfig; path = "Pods/Target Support Files/Pods/Pods.release.xcconfig"; sourceTree = "<group>"; };
		818F40CB40D6B62E5A3E1BAE /* Pods.framework */ = {isa = PBXFileReference; explicitFileType = wrapper.framework; includeInIndex = 0; path = Pods.framework; sourceTree = BUILT_PRODUCTS_DIR; };
		9725AF4C1BB4A50400EBC054 /* Tudo On Line-Bridging-Header.h */ = {isa = PBXFileReference; lastKnownFileType = sourcecode.c.h; path = "Tudo On Line-Bridging-Header.h"; sourceTree = "<group>"; };
		9725AF511BB4DE3300EBC054 /* MenuVC.swift */ = {isa = PBXFileReference; fileEncoding = 4; lastKnownFileType = sourcecode.swift; path = MenuVC.swift; sourceTree = "<group>"; };
		9725AF531BB4E30200EBC054 /* Promocoes.swift */ = {isa = PBXFileReference; fileEncoding = 4; lastKnownFileType = sourcecode.swift; path = Promocoes.swift; sourceTree = "<group>"; };
		975DAEA01BB715E000FCAB88 /* MenuCell.swift */ = {isa = PBXFileReference; fileEncoding = 4; lastKnownFileType = sourcecode.swift; path = MenuCell.swift; sourceTree = "<group>"; };
		975DAEA21BB71E7900FCAB88 /* RestaurantesCell.swift */ = {isa = PBXFileReference; fileEncoding = 4; lastKnownFileType = sourcecode.swift; path = RestaurantesCell.swift; sourceTree = "<group>"; };
		975DAEA41BB7219C00FCAB88 /* PromocaoCell.swift */ = {isa = PBXFileReference; fileEncoding = 4; lastKnownFileType = sourcecode.swift; path = PromocaoCell.swift; sourceTree = "<group>"; };
		975F77D31BBA18D70054F76C /* Podfile */ = {isa = PBXFileReference; fileEncoding = 4; lastKnownFileType = text; path = Podfile; sourceTree = "<group>"; xcLanguageSpecificationIdentifier = xcode.lang.ruby; };
		9768E1A01BF8D7E400CC6624 /* SWRevealViewController.h */ = {isa = PBXFileReference; fileEncoding = 4; lastKnownFileType = sourcecode.c.h; path = SWRevealViewController.h; sourceTree = "<group>"; };
		9768E1A11BF8D7E400CC6624 /* SWRevealViewController.m */ = {isa = PBXFileReference; fileEncoding = 4; lastKnownFileType = sourcecode.c.objc; path = SWRevealViewController.m; sourceTree = "<group>"; };
		9768E1A31BF8F0BF00CC6624 /* PromocaoRestCell.swift */ = {isa = PBXFileReference; fileEncoding = 4; lastKnownFileType = sourcecode.swift; path = PromocaoRestCell.swift; sourceTree = "<group>"; };
		978AAE591C024AE30036FF96 /* FBSDKCoreKit.framework */ = {isa = PBXFileReference; lastKnownFileType = wrapper.framework; path = FBSDKCoreKit.framework; sourceTree = "<group>"; };
		978AAE5A1C024AE30036FF96 /* FBSDKLoginKit.framework */ = {isa = PBXFileReference; lastKnownFileType = wrapper.framework; path = FBSDKLoginKit.framework; sourceTree = "<group>"; };
		978AAE5B1C024AE30036FF96 /* FBSDKShareKit.framework */ = {isa = PBXFileReference; lastKnownFileType = wrapper.framework; path = FBSDKShareKit.framework; sourceTree = "<group>"; };
		978AAE621C025BD70036FF96 /* LoginViewController.swift */ = {isa = PBXFileReference; fileEncoding = 4; lastKnownFileType = sourcecode.swift; path = LoginViewController.swift; sourceTree = "<group>"; };
		97B22C081BF55AC600ED8C10 /* PromocaoTableVC.swift */ = {isa = PBXFileReference; fileEncoding = 4; lastKnownFileType = sourcecode.swift; path = PromocaoTableVC.swift; sourceTree = "<group>"; };
		97B22C0B1BF7838100ED8C10 /* MapViewController.swift */ = {isa = PBXFileReference; fileEncoding = 4; lastKnownFileType = sourcecode.swift; path = MapViewController.swift; sourceTree = "<group>"; };
		97B22C0D1BF784CF00ED8C10 /* MapKit.framework */ = {isa = PBXFileReference; lastKnownFileType = wrapper.framework; name = MapKit.framework; path = System/Library/Frameworks/MapKit.framework; sourceTree = SDKROOT; };
		97B22C0F1BF7AD2C00ED8C10 /* RestauranteAnnotation.swift */ = {isa = PBXFileReference; fileEncoding = 4; lastKnownFileType = sourcecode.swift; path = RestauranteAnnotation.swift; sourceTree = "<group>"; };
		97B39BDE1C02A1280056F2F6 /* background.mov */ = {isa = PBXFileReference; lastKnownFileType = video.quicktime; path = background.mov; sourceTree = "<group>"; };
		97D6A7271BA90FA700FD5993 /* RestaurantesTableVC.swift */ = {isa = PBXFileReference; fileEncoding = 4; lastKnownFileType = sourcecode.swift; path = RestaurantesTableVC.swift; sourceTree = "<group>"; };
		97D6A72A1BA9104A00FD5993 /* HamburgerButton.swift */ = {isa = PBXFileReference; fileEncoding = 4; lastKnownFileType = sourcecode.swift; path = HamburgerButton.swift; sourceTree = "<group>"; };
		97DBB1BB1BA0E35B0089426A /* Tudo On Line.app */ = {isa = PBXFileReference; explicitFileType = wrapper.application; includeInIndex = 0; path = "Tudo On Line.app"; sourceTree = BUILT_PRODUCTS_DIR; };
		97DBB1BE1BA0E35B0089426A /* AppDelegate.swift */ = {isa = PBXFileReference; lastKnownFileType = sourcecode.swift; path = AppDelegate.swift; sourceTree = "<group>"; };
		97DBB1C31BA0E35B0089426A /* Base */ = {isa = PBXFileReference; lastKnownFileType = file.storyboard; name = Base; path = Base.lproj/Main.storyboard; sourceTree = "<group>"; };
		97DBB1C51BA0E35B0089426A /* Assets.xcassets */ = {isa = PBXFileReference; lastKnownFileType = folder.assetcatalog; path = Assets.xcassets; sourceTree = "<group>"; };
		97DBB1C81BA0E35B0089426A /* Base */ = {isa = PBXFileReference; lastKnownFileType = file.storyboard; name = Base; path = Base.lproj/LaunchScreen.storyboard; sourceTree = "<group>"; };
		97DBB1CA1BA0E35B0089426A /* Info.plist */ = {isa = PBXFileReference; lastKnownFileType = text.plist.xml; path = Info.plist; sourceTree = "<group>"; };
		97DBB1CF1BA0E35B0089426A /* Tudo On LineTests.xctest */ = {isa = PBXFileReference; explicitFileType = wrapper.cfbundle; includeInIndex = 0; path = "Tudo On LineTests.xctest"; sourceTree = BUILT_PRODUCTS_DIR; };
		97DBB1D31BA0E35B0089426A /* Tudo_On_LineTests.swift */ = {isa = PBXFileReference; lastKnownFileType = sourcecode.swift; path = Tudo_On_LineTests.swift; sourceTree = "<group>"; };
		97DBB1D51BA0E35B0089426A /* Info.plist */ = {isa = PBXFileReference; lastKnownFileType = text.plist.xml; path = Info.plist; sourceTree = "<group>"; };
		97DBB1DA1BA0E35B0089426A /* Tudo On LineUITests.xctest */ = {isa = PBXFileReference; explicitFileType = wrapper.cfbundle; includeInIndex = 0; path = "Tudo On LineUITests.xctest"; sourceTree = BUILT_PRODUCTS_DIR; };
		97DBB1DE1BA0E35B0089426A /* Tudo_On_LineUITests.swift */ = {isa = PBXFileReference; lastKnownFileType = sourcecode.swift; path = Tudo_On_LineUITests.swift; sourceTree = "<group>"; };
		97DBB1E01BA0E35B0089426A /* Info.plist */ = {isa = PBXFileReference; lastKnownFileType = text.plist.xml; path = Info.plist; sourceTree = "<group>"; };
		97DBB1E31BA0E35B0089426A /* Tudo On Line WatchKit App.app */ = {isa = PBXFileReference; explicitFileType = wrapper.application; includeInIndex = 0; path = "Tudo On Line WatchKit App.app"; sourceTree = BUILT_PRODUCTS_DIR; };
		97DBB1E91BA0E35B0089426A /* Base */ = {isa = PBXFileReference; lastKnownFileType = file.storyboard; name = Base; path = Base.lproj/Interface.storyboard; sourceTree = "<group>"; };
		97DBB1EB1BA0E35C0089426A /* Assets.xcassets */ = {isa = PBXFileReference; lastKnownFileType = folder.assetcatalog; path = Assets.xcassets; sourceTree = "<group>"; };
		97DBB1ED1BA0E35C0089426A /* Info.plist */ = {isa = PBXFileReference; lastKnownFileType = text.plist.xml; path = Info.plist; sourceTree = "<group>"; };
		97DBB1F21BA0E35C0089426A /* Tudo On Line WatchKit Extension.appex */ = {isa = PBXFileReference; explicitFileType = "wrapper.app-extension"; includeInIndex = 0; path = "Tudo On Line WatchKit Extension.appex"; sourceTree = BUILT_PRODUCTS_DIR; };
		97DBB1F81BA0E35C0089426A /* PushNotificationPayload.apns */ = {isa = PBXFileReference; lastKnownFileType = text; path = PushNotificationPayload.apns; sourceTree = "<group>"; };
		97DBB1F91BA0E35C0089426A /* InterfaceController.swift */ = {isa = PBXFileReference; lastKnownFileType = sourcecode.swift; path = InterfaceController.swift; sourceTree = "<group>"; };
		97DBB1FB1BA0E35C0089426A /* ExtensionDelegate.swift */ = {isa = PBXFileReference; lastKnownFileType = sourcecode.swift; path = ExtensionDelegate.swift; sourceTree = "<group>"; };
		97DBB1FD1BA0E35C0089426A /* NotificationController.swift */ = {isa = PBXFileReference; lastKnownFileType = sourcecode.swift; path = NotificationController.swift; sourceTree = "<group>"; };
		97DBB1FF1BA0E35C0089426A /* Assets.xcassets */ = {isa = PBXFileReference; lastKnownFileType = folder.assetcatalog; path = Assets.xcassets; sourceTree = "<group>"; };
		97DBB2011BA0E35C0089426A /* Info.plist */ = {isa = PBXFileReference; lastKnownFileType = text.plist.xml; path = Info.plist; sourceTree = "<group>"; };
		97DBB2151BA1125C0089426A /* CustomView.swift */ = {isa = PBXFileReference; fileEncoding = 4; lastKnownFileType = sourcecode.swift; path = CustomView.swift; sourceTree = "<group>"; };
		FA19A2BB30A0D8D6FCF3853F /* Pods.debug.xcconfig */ = {isa = PBXFileReference; includeInIndex = 1; lastKnownFileType = text.xcconfig; name = Pods.debug.xcconfig; path = "Pods/Target Support Files/Pods/Pods.debug.xcconfig"; sourceTree = "<group>"; };
/* End PBXFileReference section */

/* Begin PBXFrameworksBuildPhase section */
		97DBB1B81BA0E35B0089426A /* Frameworks */ = {
			isa = PBXFrameworksBuildPhase;
			buildActionMask = 2147483647;
			files = (
				97B22C0E1BF784CF00ED8C10 /* MapKit.framework in Frameworks */,
				978AAE5C1C024AE30036FF96 /* FBSDKCoreKit.framework in Frameworks */,
				978AAE5E1C024AE30036FF96 /* FBSDKShareKit.framework in Frameworks */,
				978AAE5D1C024AE30036FF96 /* FBSDKLoginKit.framework in Frameworks */,
				4F637471CC86F50F171478AF /* Pods.framework in Frameworks */,
			);
			runOnlyForDeploymentPostprocessing = 0;
		};
		97DBB1CC1BA0E35B0089426A /* Frameworks */ = {
			isa = PBXFrameworksBuildPhase;
			buildActionMask = 2147483647;
			files = (
			);
			runOnlyForDeploymentPostprocessing = 0;
		};
		97DBB1D71BA0E35B0089426A /* Frameworks */ = {
			isa = PBXFrameworksBuildPhase;
			buildActionMask = 2147483647;
			files = (
			);
			runOnlyForDeploymentPostprocessing = 0;
		};
		97DBB1EF1BA0E35C0089426A /* Frameworks */ = {
			isa = PBXFrameworksBuildPhase;
			buildActionMask = 2147483647;
			files = (
			);
			runOnlyForDeploymentPostprocessing = 0;
		};
/* End PBXFrameworksBuildPhase section */

/* Begin PBXGroup section */
		18068EEA1BBF258800688FBC /* SugerirRestaurante */ = {
			isa = PBXGroup;
			children = (
				18068EEB1BBF25AC00688FBC /* SugerirRestVC.swift */,
			);
			name = SugerirRestaurante;
			sourceTree = "<group>";
		};
		1807285E1BD7286200E687B8 /* HelperRestaurante */ = {
			isa = PBXGroup;
			children = (
				97B39BDE1C02A1280056F2F6 /* background.mov */,
				9725AF501BB4A55B00EBC054 /* SWRevealViewController */,
				1807286C1BD72A1A00E687B8 /* FXBlurView */,
				1807285F1BD7288D00E687B8 /* AvatarImageView.swift */,
				180728721BD74CEB00E687B8 /* RestInfo.swift */,
				180728631BD7288D00E687B8 /* TWTButton.swift */,
				97D6A72A1BA9104A00FD5993 /* HamburgerButton.swift */,
				97DBB2151BA1125C0089426A /* CustomView.swift */,
			);
			name = HelperRestaurante;
			sourceTree = "<group>";
		};
		1807286C1BD72A1A00E687B8 /* FXBlurView */ = {
			isa = PBXGroup;
			children = (
				180728601BD7288D00E687B8 /* FXBlurView.h */,
				180728611BD7288D00E687B8 /* FXBlurView.m */,
			);
			name = FXBlurView;
			sourceTree = "<group>";
		};
		1807286F1BD746BA00E687B8 /* RestauranteInfo */ = {
			isa = PBXGroup;
			children = (
				97B22C0A1BF7836500ED8C10 /* MapVC */,
				182642501BC37FFA003BF101 /* SobreTVC.swift */,
				1821778E1BD5720100CB08C2 /* CardapioTableVC.swift */,
				182177901BD5722D00CB08C2 /* LocalizacaoVC.swift */,
				97B22C081BF55AC600ED8C10 /* PromocaoTableVC.swift */,
			);
			name = RestauranteInfo;
			sourceTree = "<group>";
		};
		1810C13C1BBC4F6700AA353C /* PagingMenuVC */ = {
			isa = PBXGroup;
			children = (
				1810C13D1BBC4F9300AA353C /* PedidosViewController.swift */,
			);
			name = PagingMenuVC;
			sourceTree = "<group>";
		};
		1810C13F1BBC500C00AA353C /* TOnLine */ = {
			isa = PBXGroup;
			children = (
				978AAE611C025B960036FF96 /* LoginView */,
				18F98C1C1BBDA71900760B2E /* Menu */,
				1826424F1BC37FB8003BF101 /* Restaurantes */,
				1810C1401BBC502800AA353C /* Pedidos */,
				97D6A7291BA90FB100FD5993 /* TableViewControler */,
				975DAE9F1BB715A000FCAB88 /* TableViewCells */,
			);
			name = TOnLine;
			sourceTree = "<group>";
		};
		1810C1401BBC502800AA353C /* Pedidos */ = {
			isa = PBXGroup;
			children = (
				1810C13C1BBC4F6700AA353C /* PagingMenuVC */,
				18F98C1F1BBDB51900760B2E /* PedidosAndamentoVC.swift */,
				18F98C211BBDB79A00760B2E /* PedidosRealizadosVC.swift */,
			);
			name = Pedidos;
			sourceTree = "<group>";
		};
		1826424C1BC366D7003BF101 /* LogIn */ = {
			isa = PBXGroup;
			children = (
			);
			name = LogIn;
			sourceTree = "<group>";
		};
		1826424F1BC37FB8003BF101 /* Restaurantes */ = {
			isa = PBXGroup;
			children = (
				97D6A7271BA90FA700FD5993 /* RestaurantesTableVC.swift */,
				1821778C1BD5712600CB08C2 /* RestauranteVC.swift */,
				1807286F1BD746BA00E687B8 /* RestauranteInfo */,
				182642521BC381F8003BF101 /* RestCells */,
			);
			name = Restaurantes;
			sourceTree = "<group>";
		};
		182642521BC381F8003BF101 /* RestCells */ = {
			isa = PBXGroup;
			children = (
				182642551BC3822A003BF101 /* RestSobreTVCell.swift */,
			);
			name = RestCells;
			sourceTree = "<group>";
		};
		185357601BBF5C9E00C59B2C /* Filtro */ = {
			isa = PBXGroup;
			children = (
				185357611BBF5CB400C59B2C /* FiltroVC.swift */,
			);
			name = Filtro;
			sourceTree = "<group>";
		};
		18DBF5951BBAFD4F0081C67C /* Other */ = {
			isa = PBXGroup;
			children = (
				97DBB1BE1BA0E35B0089426A /* AppDelegate.swift */,
				9725AF4C1BB4A50400EBC054 /* Tudo On Line-Bridging-Header.h */,
				1807285E1BD7286200E687B8 /* HelperRestaurante */,
				97DBB1C51BA0E35B0089426A /* Assets.xcassets */,
				97DBB1C71BA0E35B0089426A /* LaunchScreen.storyboard */,
				97DBB1CA1BA0E35B0089426A /* Info.plist */,
			);
			name = Other;
			path = "Tudo On Line";
			sourceTree = "<group>";
		};
		18F98C1C1BBDA71900760B2E /* Menu */ = {
			isa = PBXGroup;
			children = (
				9725AF511BB4DE3300EBC054 /* MenuVC.swift */,
				185357601BBF5C9E00C59B2C /* Filtro */,
				18068EEA1BBF258800688FBC /* SugerirRestaurante */,
				1826424C1BC366D7003BF101 /* LogIn */,
			);
			name = Menu;
			sourceTree = "<group>";
		};
		5951B10769EB88C1BCD88458 /* Pods */ = {
			isa = PBXGroup;
			children = (
				FA19A2BB30A0D8D6FCF3853F /* Pods.debug.xcconfig */,
				20CBB89D15F5038909F37E08 /* Pods.release.xcconfig */,
			);
			name = Pods;
			sourceTree = "<group>";
		};
		9725AF501BB4A55B00EBC054 /* SWRevealViewController */ = {
			isa = PBXGroup;
			children = (
				9768E1A01BF8D7E400CC6624 /* SWRevealViewController.h */,
				9768E1A11BF8D7E400CC6624 /* SWRevealViewController.m */,
			);
			name = SWRevealViewController;
			sourceTree = "<group>";
		};
		975DAE9F1BB715A000FCAB88 /* TableViewCells */ = {
			isa = PBXGroup;
			children = (
				975DAEA01BB715E000FCAB88 /* MenuCell.swift */,
				975DAEA21BB71E7900FCAB88 /* RestaurantesCell.swift */,
				975DAEA41BB7219C00FCAB88 /* PromocaoCell.swift */,
				9768E1A31BF8F0BF00CC6624 /* PromocaoRestCell.swift */,
			);
			name = TableViewCells;
			sourceTree = "<group>";
		};
		978AAE611C025B960036FF96 /* LoginView */ = {
			isa = PBXGroup;
			children = (
				978AAE621C025BD70036FF96 /* LoginViewController.swift */,
			);
			name = LoginView;
			path = ..;
			sourceTree = "<group>";
		};
		97B22C0A1BF7836500ED8C10 /* MapVC */ = {
			isa = PBXGroup;
			children = (
				97B22C0B1BF7838100ED8C10 /* MapViewController.swift */,
				97B22C0F1BF7AD2C00ED8C10 /* RestauranteAnnotation.swift */,
			);
			name = MapVC;
			sourceTree = "<group>";
		};
		97D6A7291BA90FB100FD5993 /* TableViewControler */ = {
			isa = PBXGroup;
			children = (
				9725AF531BB4E30200EBC054 /* Promocoes.swift */,
			);
			name = TableViewControler;
			sourceTree = "<group>";
		};
		97DBB1B21BA0E35B0089426A = {
			isa = PBXGroup;
			children = (
				975F77D31BBA18D70054F76C /* Podfile */,
				97DBB1BD1BA0E35B0089426A /* Tudo On Line */,
				18DBF5951BBAFD4F0081C67C /* Other */,
				97DBB1D21BA0E35B0089426A /* Tudo On LineTests */,
				97DBB1DD1BA0E35B0089426A /* Tudo On LineUITests */,
				97DBB1E71BA0E35B0089426A /* Tudo On Line WatchKit App */,
				97DBB1F61BA0E35C0089426A /* Tudo On Line WatchKit Extension */,
				97DBB1BC1BA0E35B0089426A /* Products */,
				5951B10769EB88C1BCD88458 /* Pods */,
				A5D67070FEA7EFD9C995EBE9 /* Frameworks */,
			);
			sourceTree = "<group>";
		};
		97DBB1BC1BA0E35B0089426A /* Products */ = {
			isa = PBXGroup;
			children = (
				97DBB1BB1BA0E35B0089426A /* Tudo On Line.app */,
				97DBB1CF1BA0E35B0089426A /* Tudo On LineTests.xctest */,
				97DBB1DA1BA0E35B0089426A /* Tudo On LineUITests.xctest */,
				97DBB1E31BA0E35B0089426A /* Tudo On Line WatchKit App.app */,
				97DBB1F21BA0E35C0089426A /* Tudo On Line WatchKit Extension.appex */,
			);
			name = Products;
			sourceTree = "<group>";
		};
		97DBB1BD1BA0E35B0089426A /* Tudo On Line */ = {
			isa = PBXGroup;
			children = (
				97DBB1C21BA0E35B0089426A /* Main.storyboard */,
				1810C13F1BBC500C00AA353C /* TOnLine */,
			);
			path = "Tudo On Line";
			sourceTree = "<group>";
		};
		97DBB1D21BA0E35B0089426A /* Tudo On LineTests */ = {
			isa = PBXGroup;
			children = (
				97DBB1D31BA0E35B0089426A /* Tudo_On_LineTests.swift */,
				97DBB1D51BA0E35B0089426A /* Info.plist */,
			);
			path = "Tudo On LineTests";
			sourceTree = "<group>";
		};
		97DBB1DD1BA0E35B0089426A /* Tudo On LineUITests */ = {
			isa = PBXGroup;
			children = (
				97DBB1DE1BA0E35B0089426A /* Tudo_On_LineUITests.swift */,
				97DBB1E01BA0E35B0089426A /* Info.plist */,
			);
			path = "Tudo On LineUITests";
			sourceTree = "<group>";
		};
		97DBB1E71BA0E35B0089426A /* Tudo On Line WatchKit App */ = {
			isa = PBXGroup;
			children = (
				97DBB1E81BA0E35B0089426A /* Interface.storyboard */,
				97DBB1EB1BA0E35C0089426A /* Assets.xcassets */,
				97DBB1ED1BA0E35C0089426A /* Info.plist */,
			);
			path = "Tudo On Line WatchKit App";
			sourceTree = "<group>";
		};
		97DBB1F61BA0E35C0089426A /* Tudo On Line WatchKit Extension */ = {
			isa = PBXGroup;
			children = (
				97DBB1F91BA0E35C0089426A /* InterfaceController.swift */,
				97DBB1FB1BA0E35C0089426A /* ExtensionDelegate.swift */,
				97DBB1FD1BA0E35C0089426A /* NotificationController.swift */,
				97DBB1FF1BA0E35C0089426A /* Assets.xcassets */,
				97DBB2011BA0E35C0089426A /* Info.plist */,
				97DBB1F71BA0E35C0089426A /* Supporting Files */,
			);
			path = "Tudo On Line WatchKit Extension";
			sourceTree = "<group>";
		};
		97DBB1F71BA0E35C0089426A /* Supporting Files */ = {
			isa = PBXGroup;
			children = (
				97DBB1F81BA0E35C0089426A /* PushNotificationPayload.apns */,
			);
			name = "Supporting Files";
			sourceTree = "<group>";
		};
		A5D67070FEA7EFD9C995EBE9 /* Frameworks */ = {
			isa = PBXGroup;
			children = (
				978AAE591C024AE30036FF96 /* FBSDKCoreKit.framework */,
				978AAE5A1C024AE30036FF96 /* FBSDKLoginKit.framework */,
				978AAE5B1C024AE30036FF96 /* FBSDKShareKit.framework */,
				97B22C0D1BF784CF00ED8C10 /* MapKit.framework */,
				818F40CB40D6B62E5A3E1BAE /* Pods.framework */,
			);
			name = Frameworks;
			sourceTree = "<group>";
		};
/* End PBXGroup section */

/* Begin PBXNativeTarget section */
		97DBB1BA1BA0E35B0089426A /* Tudo On Line */ = {
			isa = PBXNativeTarget;
			buildConfigurationList = 97DBB20C1BA0E35C0089426A /* Build configuration list for PBXNativeTarget "Tudo On Line" */;
			buildPhases = (
				5491AB936CD283F2777EC856 /* Check Pods Manifest.lock */,
				97DBB1B71BA0E35B0089426A /* Sources */,
				97DBB1B81BA0E35B0089426A /* Frameworks */,
				97DBB1B91BA0E35B0089426A /* Resources */,
				97DBB20B1BA0E35C0089426A /* Embed Watch Content */,
				CC4CC2CC3029D1BBABF9929B /* Embed Pods Frameworks */,
				1674333AFB94CBE43936D9EB /* Copy Pods Resources */,
			);
			buildRules = (
			);
			dependencies = (
				97DBB1E61BA0E35B0089426A /* PBXTargetDependency */,
			);
			name = "Tudo On Line";
			productName = "Tudo On Line";
			productReference = 97DBB1BB1BA0E35B0089426A /* Tudo On Line.app */;
			productType = "com.apple.product-type.application";
		};
		97DBB1CE1BA0E35B0089426A /* Tudo On LineTests */ = {
			isa = PBXNativeTarget;
			buildConfigurationList = 97DBB20F1BA0E35C0089426A /* Build configuration list for PBXNativeTarget "Tudo On LineTests" */;
			buildPhases = (
				97DBB1CB1BA0E35B0089426A /* Sources */,
				97DBB1CC1BA0E35B0089426A /* Frameworks */,
				97DBB1CD1BA0E35B0089426A /* Resources */,
			);
			buildRules = (
			);
			dependencies = (
				97DBB1D11BA0E35B0089426A /* PBXTargetDependency */,
			);
			name = "Tudo On LineTests";
			productName = "Tudo On LineTests";
			productReference = 97DBB1CF1BA0E35B0089426A /* Tudo On LineTests.xctest */;
			productType = "com.apple.product-type.bundle.unit-test";
		};
		97DBB1D91BA0E35B0089426A /* Tudo On LineUITests */ = {
			isa = PBXNativeTarget;
			buildConfigurationList = 97DBB2121BA0E35C0089426A /* Build configuration list for PBXNativeTarget "Tudo On LineUITests" */;
			buildPhases = (
				97DBB1D61BA0E35B0089426A /* Sources */,
				97DBB1D71BA0E35B0089426A /* Frameworks */,
				97DBB1D81BA0E35B0089426A /* Resources */,
			);
			buildRules = (
			);
			dependencies = (
				97DBB1DC1BA0E35B0089426A /* PBXTargetDependency */,
			);
			name = "Tudo On LineUITests";
			productName = "Tudo On LineUITests";
			productReference = 97DBB1DA1BA0E35B0089426A /* Tudo On LineUITests.xctest */;
			productType = "com.apple.product-type.bundle.ui-testing";
		};
		97DBB1E21BA0E35B0089426A /* Tudo On Line WatchKit App */ = {
			isa = PBXNativeTarget;
			buildConfigurationList = 97DBB2081BA0E35C0089426A /* Build configuration list for PBXNativeTarget "Tudo On Line WatchKit App" */;
			buildPhases = (
				97DBB1E11BA0E35B0089426A /* Resources */,
				97DBB2071BA0E35C0089426A /* Embed App Extensions */,
			);
			buildRules = (
			);
			dependencies = (
				97DBB1F51BA0E35C0089426A /* PBXTargetDependency */,
			);
			name = "Tudo On Line WatchKit App";
			productName = "Tudo On Line WatchKit App";
			productReference = 97DBB1E31BA0E35B0089426A /* Tudo On Line WatchKit App.app */;
			productType = "com.apple.product-type.application.watchapp2";
		};
		97DBB1F11BA0E35C0089426A /* Tudo On Line WatchKit Extension */ = {
			isa = PBXNativeTarget;
			buildConfigurationList = 97DBB2041BA0E35C0089426A /* Build configuration list for PBXNativeTarget "Tudo On Line WatchKit Extension" */;
			buildPhases = (
				97DBB1EE1BA0E35C0089426A /* Sources */,
				97DBB1EF1BA0E35C0089426A /* Frameworks */,
				97DBB1F01BA0E35C0089426A /* Resources */,
			);
			buildRules = (
			);
			dependencies = (
			);
			name = "Tudo On Line WatchKit Extension";
			productName = "Tudo On Line WatchKit Extension";
			productReference = 97DBB1F21BA0E35C0089426A /* Tudo On Line WatchKit Extension.appex */;
			productType = "com.apple.product-type.watchkit2-extension";
		};
/* End PBXNativeTarget section */

/* Begin PBXProject section */
		97DBB1B31BA0E35B0089426A /* Project object */ = {
			isa = PBXProject;
			attributes = {
				LastSwiftUpdateCheck = 0700;
				LastUpgradeCheck = 0700;
				ORGANIZATIONNAME = com.douglasalexandre;
				TargetAttributes = {
					97DBB1BA1BA0E35B0089426A = {
						CreatedOnToolsVersion = 7.0;
						DevelopmentTeam = 6V95FQX348;
						SystemCapabilities = {
							com.apple.Maps.iOS = {
								enabled = 1;
							};
						};
					};
					97DBB1CE1BA0E35B0089426A = {
						CreatedOnToolsVersion = 7.0;
						TestTargetID = 97DBB1BA1BA0E35B0089426A;
					};
					97DBB1D91BA0E35B0089426A = {
						CreatedOnToolsVersion = 7.0;
						TestTargetID = 97DBB1BA1BA0E35B0089426A;
					};
					97DBB1E21BA0E35B0089426A = {
						CreatedOnToolsVersion = 7.0;
					};
					97DBB1F11BA0E35C0089426A = {
						CreatedOnToolsVersion = 7.0;
					};
				};
			};
			buildConfigurationList = 97DBB1B61BA0E35B0089426A /* Build configuration list for PBXProject "Tudo On Line" */;
			compatibilityVersion = "Xcode 3.2";
			developmentRegion = English;
			hasScannedForEncodings = 0;
			knownRegions = (
				en,
				Base,
			);
			mainGroup = 97DBB1B21BA0E35B0089426A;
			productRefGroup = 97DBB1BC1BA0E35B0089426A /* Products */;
			projectDirPath = "";
			projectRoot = "";
			targets = (
				97DBB1BA1BA0E35B0089426A /* Tudo On Line */,
				97DBB1CE1BA0E35B0089426A /* Tudo On LineTests */,
				97DBB1D91BA0E35B0089426A /* Tudo On LineUITests */,
				97DBB1E21BA0E35B0089426A /* Tudo On Line WatchKit App */,
				97DBB1F11BA0E35C0089426A /* Tudo On Line WatchKit Extension */,
			);
		};
/* End PBXProject section */

/* Begin PBXResourcesBuildPhase section */
		97DBB1B91BA0E35B0089426A /* Resources */ = {
			isa = PBXResourcesBuildPhase;
			buildActionMask = 2147483647;
			files = (
				97DBB1C91BA0E35B0089426A /* LaunchScreen.storyboard in Resources */,
				97B39BDF1C02A1280056F2F6 /* background.mov in Resources */,
				97DBB1C61BA0E35B0089426A /* Assets.xcassets in Resources */,
				975F77D41BBA18D70054F76C /* Podfile in Resources */,
				97DBB1C41BA0E35B0089426A /* Main.storyboard in Resources */,
			);
			runOnlyForDeploymentPostprocessing = 0;
		};
		97DBB1CD1BA0E35B0089426A /* Resources */ = {
			isa = PBXResourcesBuildPhase;
			buildActionMask = 2147483647;
			files = (
			);
			runOnlyForDeploymentPostprocessing = 0;
		};
		97DBB1D81BA0E35B0089426A /* Resources */ = {
			isa = PBXResourcesBuildPhase;
			buildActionMask = 2147483647;
			files = (
			);
			runOnlyForDeploymentPostprocessing = 0;
		};
		97DBB1E11BA0E35B0089426A /* Resources */ = {
			isa = PBXResourcesBuildPhase;
			buildActionMask = 2147483647;
			files = (
				97DBB1EC1BA0E35C0089426A /* Assets.xcassets in Resources */,
				97DBB1EA1BA0E35B0089426A /* Interface.storyboard in Resources */,
			);
			runOnlyForDeploymentPostprocessing = 0;
		};
		97DBB1F01BA0E35C0089426A /* Resources */ = {
			isa = PBXResourcesBuildPhase;
			buildActionMask = 2147483647;
			files = (
				97DBB2001BA0E35C0089426A /* Assets.xcassets in Resources */,
			);
			runOnlyForDeploymentPostprocessing = 0;
		};
/* End PBXResourcesBuildPhase section */

/* Begin PBXShellScriptBuildPhase section */
		1674333AFB94CBE43936D9EB /* Copy Pods Resources */ = {
			isa = PBXShellScriptBuildPhase;
			buildActionMask = 2147483647;
			files = (
			);
			inputPaths = (
			);
			name = "Copy Pods Resources";
			outputPaths = (
			);
			runOnlyForDeploymentPostprocessing = 0;
			shellPath = /bin/sh;
			shellScript = "\"${SRCROOT}/Pods/Target Support Files/Pods/Pods-resources.sh\"\n";
			showEnvVarsInLog = 0;
		};
		5491AB936CD283F2777EC856 /* Check Pods Manifest.lock */ = {
			isa = PBXShellScriptBuildPhase;
			buildActionMask = 2147483647;
			files = (
			);
			inputPaths = (
			);
			name = "Check Pods Manifest.lock";
			outputPaths = (
			);
			runOnlyForDeploymentPostprocessing = 0;
			shellPath = /bin/sh;
			shellScript = "diff \"${PODS_ROOT}/../Podfile.lock\" \"${PODS_ROOT}/Manifest.lock\" > /dev/null\nif [[ $? != 0 ]] ; then\n    cat << EOM\nerror: The sandbox is not in sync with the Podfile.lock. Run 'pod install' or update your CocoaPods installation.\nEOM\n    exit 1\nfi\n";
			showEnvVarsInLog = 0;
		};
		CC4CC2CC3029D1BBABF9929B /* Embed Pods Frameworks */ = {
			isa = PBXShellScriptBuildPhase;
			buildActionMask = 2147483647;
			files = (
			);
			inputPaths = (
			);
			name = "Embed Pods Frameworks";
			outputPaths = (
			);
			runOnlyForDeploymentPostprocessing = 0;
			shellPath = /bin/sh;
			shellScript = "\"${SRCROOT}/Pods/Target Support Files/Pods/Pods-frameworks.sh\"\n";
			showEnvVarsInLog = 0;
		};
/* End PBXShellScriptBuildPhase section */

/* Begin PBXSourcesBuildPhase section */
		97DBB1B71BA0E35B0089426A /* Sources */ = {
			isa = PBXSourcesBuildPhase;
			buildActionMask = 2147483647;
			files = (
				1821778D1BD5712600CB08C2 /* RestauranteVC.swift in Sources */,
				180728661BD7288D00E687B8 /* TWTButton.swift in Sources */,
				182177911BD5722D00CB08C2 /* LocalizacaoVC.swift in Sources */,
				18F98C201BBDB51900760B2E /* PedidosAndamentoVC.swift in Sources */,
				97DBB2161BA1125C0089426A /* CustomView.swift in Sources */,
				978AAE631C025BD70036FF96 /* LoginViewController.swift in Sources */,
				9768E1A21BF8D7E400CC6624 /* SWRevealViewController.m in Sources */,
				1821778F1BD5720100CB08C2 /* CardapioTableVC.swift in Sources */,
				9768E1A41BF8F0BF00CC6624 /* PromocaoRestCell.swift in Sources */,
				9725AF541BB4E30200EBC054 /* Promocoes.swift in Sources */,
				975DAEA11BB715E000FCAB88 /* MenuCell.swift in Sources */,
				97D6A7281BA90FA700FD5993 /* RestaurantesTableVC.swift in Sources */,
				975DAEA31BB71E7900FCAB88 /* RestaurantesCell.swift in Sources */,
				182642561BC3822A003BF101 /* RestSobreTVCell.swift in Sources */,
				18068EEC1BBF25AC00688FBC /* SugerirRestVC.swift in Sources */,
				97B22C101BF7AD2C00ED8C10 /* RestauranteAnnotation.swift in Sources */,
				180728651BD7288D00E687B8 /* FXBlurView.m in Sources */,
				180728731BD74CEB00E687B8 /* RestInfo.swift in Sources */,
				1810C13E1BBC4F9300AA353C /* PedidosViewController.swift in Sources */,
				182642511BC37FFA003BF101 /* SobreTVC.swift in Sources */,
				975DAEA51BB7219C00FCAB88 /* PromocaoCell.swift in Sources */,
				97B22C091BF55AC600ED8C10 /* PromocaoTableVC.swift in Sources */,
				185357621BBF5CB400C59B2C /* FiltroVC.swift in Sources */,
				97B22C0C1BF7838100ED8C10 /* MapViewController.swift in Sources */,
				9725AF521BB4DE3300EBC054 /* MenuVC.swift in Sources */,
				97D6A72B1BA9104A00FD5993 /* HamburgerButton.swift in Sources */,
				97DBB1BF1BA0E35B0089426A /* AppDelegate.swift in Sources */,
				180728641BD7288D00E687B8 /* AvatarImageView.swift in Sources */,
				18F98C221BBDB79A00760B2E /* PedidosRealizadosVC.swift in Sources */,
			);
			runOnlyForDeploymentPostprocessing = 0;
		};
		97DBB1CB1BA0E35B0089426A /* Sources */ = {
			isa = PBXSourcesBuildPhase;
			buildActionMask = 2147483647;
			files = (
				97DBB1D41BA0E35B0089426A /* Tudo_On_LineTests.swift in Sources */,
			);
			runOnlyForDeploymentPostprocessing = 0;
		};
		97DBB1D61BA0E35B0089426A /* Sources */ = {
			isa = PBXSourcesBuildPhase;
			buildActionMask = 2147483647;
			files = (
				97DBB1DF1BA0E35B0089426A /* Tudo_On_LineUITests.swift in Sources */,
			);
			runOnlyForDeploymentPostprocessing = 0;
		};
		97DBB1EE1BA0E35C0089426A /* Sources */ = {
			isa = PBXSourcesBuildPhase;
			buildActionMask = 2147483647;
			files = (
				97DBB1FE1BA0E35C0089426A /* NotificationController.swift in Sources */,
				97DBB1FC1BA0E35C0089426A /* ExtensionDelegate.swift in Sources */,
				97DBB1FA1BA0E35C0089426A /* InterfaceController.swift in Sources */,
			);
			runOnlyForDeploymentPostprocessing = 0;
		};
/* End PBXSourcesBuildPhase section */

/* Begin PBXTargetDependency section */
		97DBB1D11BA0E35B0089426A /* PBXTargetDependency */ = {
			isa = PBXTargetDependency;
			target = 97DBB1BA1BA0E35B0089426A /* Tudo On Line */;
			targetProxy = 97DBB1D01BA0E35B0089426A /* PBXContainerItemProxy */;
		};
		97DBB1DC1BA0E35B0089426A /* PBXTargetDependency */ = {
			isa = PBXTargetDependency;
			target = 97DBB1BA1BA0E35B0089426A /* Tudo On Line */;
			targetProxy = 97DBB1DB1BA0E35B0089426A /* PBXContainerItemProxy */;
		};
		97DBB1E61BA0E35B0089426A /* PBXTargetDependency */ = {
			isa = PBXTargetDependency;
			target = 97DBB1E21BA0E35B0089426A /* Tudo On Line WatchKit App */;
			targetProxy = 97DBB1E51BA0E35B0089426A /* PBXContainerItemProxy */;
		};
		97DBB1F51BA0E35C0089426A /* PBXTargetDependency */ = {
			isa = PBXTargetDependency;
			target = 97DBB1F11BA0E35C0089426A /* Tudo On Line WatchKit Extension */;
			targetProxy = 97DBB1F41BA0E35C0089426A /* PBXContainerItemProxy */;
		};
/* End PBXTargetDependency section */

/* Begin PBXVariantGroup section */
		97DBB1C21BA0E35B0089426A /* Main.storyboard */ = {
			isa = PBXVariantGroup;
			children = (
				97DBB1C31BA0E35B0089426A /* Base */,
			);
			name = Main.storyboard;
			sourceTree = "<group>";
		};
		97DBB1C71BA0E35B0089426A /* LaunchScreen.storyboard */ = {
			isa = PBXVariantGroup;
			children = (
				97DBB1C81BA0E35B0089426A /* Base */,
			);
			name = LaunchScreen.storyboard;
			sourceTree = "<group>";
		};
		97DBB1E81BA0E35B0089426A /* Interface.storyboard */ = {
			isa = PBXVariantGroup;
			children = (
				97DBB1E91BA0E35B0089426A /* Base */,
			);
			name = Interface.storyboard;
			sourceTree = "<group>";
		};
/* End PBXVariantGroup section */

/* Begin XCBuildConfiguration section */
		97DBB2021BA0E35C0089426A /* Debug */ = {
			isa = XCBuildConfiguration;
			buildSettings = {
				ALWAYS_SEARCH_USER_PATHS = NO;
				CLANG_CXX_LANGUAGE_STANDARD = "gnu++0x";
				CLANG_CXX_LIBRARY = "libc++";
				CLANG_ENABLE_MODULES = YES;
				CLANG_ENABLE_OBJC_ARC = YES;
				CLANG_WARN_BOOL_CONVERSION = YES;
				CLANG_WARN_CONSTANT_CONVERSION = YES;
				CLANG_WARN_DIRECT_OBJC_ISA_USAGE = YES_ERROR;
				CLANG_WARN_EMPTY_BODY = YES;
				CLANG_WARN_ENUM_CONVERSION = YES;
				CLANG_WARN_INT_CONVERSION = YES;
				CLANG_WARN_OBJC_ROOT_CLASS = YES_ERROR;
				CLANG_WARN_UNREACHABLE_CODE = YES;
				CLANG_WARN__DUPLICATE_METHOD_MATCH = YES;
				CODE_SIGN_IDENTITY = "iPhone Developer: Douglas Taquary (JWZZM6M63Y)";
				"CODE_SIGN_IDENTITY[sdk=iphoneos*]" = "iPhone Developer: Douglas Taquary (JWZZM6M63Y)";
				COPY_PHASE_STRIP = NO;
				DEBUG_INFORMATION_FORMAT = dwarf;
				ENABLE_STRICT_OBJC_MSGSEND = YES;
				ENABLE_TESTABILITY = YES;
				GCC_C_LANGUAGE_STANDARD = gnu99;
				GCC_DYNAMIC_NO_PIC = NO;
				GCC_NO_COMMON_BLOCKS = YES;
				GCC_OPTIMIZATION_LEVEL = 0;
				GCC_PREPROCESSOR_DEFINITIONS = (
					"DEBUG=1",
					"$(inherited)",
				);
				GCC_WARN_64_TO_32_BIT_CONVERSION = YES;
				GCC_WARN_ABOUT_RETURN_TYPE = YES_ERROR;
				GCC_WARN_UNDECLARED_SELECTOR = YES;
				GCC_WARN_UNINITIALIZED_AUTOS = YES_AGGRESSIVE;
				GCC_WARN_UNUSED_FUNCTION = YES;
				GCC_WARN_UNUSED_VARIABLE = YES;
				IPHONEOS_DEPLOYMENT_TARGET = 9.2;
				MTL_ENABLE_DEBUG_INFO = YES;
				ONLY_ACTIVE_ARCH = YES;
				SDKROOT = iphoneos;
				SWIFT_OPTIMIZATION_LEVEL = "-Onone";
				TARGETED_DEVICE_FAMILY = "1,2";
			};
			name = Debug;
		};
		97DBB2031BA0E35C0089426A /* Release */ = {
			isa = XCBuildConfiguration;
			buildSettings = {
				ALWAYS_SEARCH_USER_PATHS = NO;
				CLANG_CXX_LANGUAGE_STANDARD = "gnu++0x";
				CLANG_CXX_LIBRARY = "libc++";
				CLANG_ENABLE_MODULES = YES;
				CLANG_ENABLE_OBJC_ARC = YES;
				CLANG_WARN_BOOL_CONVERSION = YES;
				CLANG_WARN_CONSTANT_CONVERSION = YES;
				CLANG_WARN_DIRECT_OBJC_ISA_USAGE = YES_ERROR;
				CLANG_WARN_EMPTY_BODY = YES;
				CLANG_WARN_ENUM_CONVERSION = YES;
				CLANG_WARN_INT_CONVERSION = YES;
				CLANG_WARN_OBJC_ROOT_CLASS = YES_ERROR;
				CLANG_WARN_UNREACHABLE_CODE = YES;
				CLANG_WARN__DUPLICATE_METHOD_MATCH = YES;
				CODE_SIGN_IDENTITY = "iPhone Developer: Douglas Taquary (JWZZM6M63Y)";
				"CODE_SIGN_IDENTITY[sdk=iphoneos*]" = "iPhone Developer: Douglas Taquary (JWZZM6M63Y)";
				COPY_PHASE_STRIP = NO;
				DEBUG_INFORMATION_FORMAT = "dwarf-with-dsym";
				ENABLE_NS_ASSERTIONS = NO;
				ENABLE_STRICT_OBJC_MSGSEND = YES;
				GCC_C_LANGUAGE_STANDARD = gnu99;
				GCC_NO_COMMON_BLOCKS = YES;
				GCC_WARN_64_TO_32_BIT_CONVERSION = YES;
				GCC_WARN_ABOUT_RETURN_TYPE = YES_ERROR;
				GCC_WARN_UNDECLARED_SELECTOR = YES;
				GCC_WARN_UNINITIALIZED_AUTOS = YES_AGGRESSIVE;
				GCC_WARN_UNUSED_FUNCTION = YES;
				GCC_WARN_UNUSED_VARIABLE = YES;
				IPHONEOS_DEPLOYMENT_TARGET = 9.2;
				MTL_ENABLE_DEBUG_INFO = NO;
				SDKROOT = iphoneos;
				TARGETED_DEVICE_FAMILY = "1,2";
				VALIDATE_PRODUCT = YES;
			};
			name = Release;
		};
		97DBB2051BA0E35C0089426A /* Debug */ = {
			isa = XCBuildConfiguration;
			buildSettings = {
				"CODE_SIGN_IDENTITY[sdk=watchos*]" = "iPhone Developer";
				INFOPLIST_FILE = "Tudo On Line WatchKit Extension/Info.plist";
				LD_RUNPATH_SEARCH_PATHS = "$(inherited) @executable_path/Frameworks @executable_path/../../Frameworks";
				PRODUCT_BUNDLE_IDENTIFIER = "douglasalexandre.ios.development.Tudo-On-Line.watchkitapp.watchkitextension";
				PRODUCT_NAME = "${TARGET_NAME}";
				SDKROOT = watchos;
				SKIP_INSTALL = YES;
				TARGETED_DEVICE_FAMILY = 4;
				WATCHOS_DEPLOYMENT_TARGET = 2.0;
			};
			name = Debug;
		};
		97DBB2061BA0E35C0089426A /* Release */ = {
			isa = XCBuildConfiguration;
			buildSettings = {
				"CODE_SIGN_IDENTITY[sdk=watchos*]" = "iPhone Developer";
				INFOPLIST_FILE = "Tudo On Line WatchKit Extension/Info.plist";
				LD_RUNPATH_SEARCH_PATHS = "$(inherited) @executable_path/Frameworks @executable_path/../../Frameworks";
				PRODUCT_BUNDLE_IDENTIFIER = "douglasalexandre.ios.development.Tudo-On-Line.watchkitapp.watchkitextension";
				PRODUCT_NAME = "${TARGET_NAME}";
				SDKROOT = watchos;
				SKIP_INSTALL = YES;
				TARGETED_DEVICE_FAMILY = 4;
				WATCHOS_DEPLOYMENT_TARGET = 2.0;
			};
			name = Release;
		};
		97DBB2091BA0E35C0089426A /* Debug */ = {
			isa = XCBuildConfiguration;
			buildSettings = {
				ASSETCATALOG_COMPILER_APPICON_NAME = AppIcon;
				"CODE_SIGN_IDENTITY[sdk=watchos*]" = "iPhone Developer";
				EMBEDDED_CONTENT_CONTAINS_SWIFT = YES;
				IBSC_MODULE = Tudo_On_Line_WatchKit_Extension;
				INFOPLIST_FILE = "Tudo On Line WatchKit App/Info.plist";
				PRODUCT_BUNDLE_IDENTIFIER = "douglasalexandre.ios.development.Tudo-On-Line.watchkitapp";
				PRODUCT_NAME = "$(TARGET_NAME)";
				SDKROOT = watchos;
				SKIP_INSTALL = YES;
				TARGETED_DEVICE_FAMILY = 4;
				WATCHOS_DEPLOYMENT_TARGET = 2.0;
			};
			name = Debug;
		};
		97DBB20A1BA0E35C0089426A /* Release */ = {
			isa = XCBuildConfiguration;
			buildSettings = {
				ASSETCATALOG_COMPILER_APPICON_NAME = AppIcon;
				"CODE_SIGN_IDENTITY[sdk=watchos*]" = "iPhone Developer";
				EMBEDDED_CONTENT_CONTAINS_SWIFT = YES;
				IBSC_MODULE = Tudo_On_Line_WatchKit_Extension;
				INFOPLIST_FILE = "Tudo On Line WatchKit App/Info.plist";
				PRODUCT_BUNDLE_IDENTIFIER = "douglasalexandre.ios.development.Tudo-On-Line.watchkitapp";
				PRODUCT_NAME = "$(TARGET_NAME)";
				SDKROOT = watchos;
				SKIP_INSTALL = YES;
				TARGETED_DEVICE_FAMILY = 4;
				WATCHOS_DEPLOYMENT_TARGET = 2.0;
			};
			name = Release;
		};
		97DBB20D1BA0E35C0089426A /* Debug */ = {
			isa = XCBuildConfiguration;
			baseConfigurationReference = FA19A2BB30A0D8D6FCF3853F /* Pods.debug.xcconfig */;
			buildSettings = {
				ASSETCATALOG_COMPILER_APPICON_NAME = AppIcon;
				CLANG_ENABLE_MODULES = YES;
				CODE_SIGN_IDENTITY = "iPhone Developer: Douglas Taquary (JWZZM6M63Y)";
				"CODE_SIGN_IDENTITY[sdk=iphoneos*]" = "iPhone Developer: Douglas Taquary (JWZZM6M63Y)";
				FRAMEWORK_SEARCH_PATHS = (
					"$(inherited)",
					"$(PROJECT_DIR)",
				);
				INFOPLIST_FILE = "Tudo On Line/Info.plist";
				IPHONEOS_DEPLOYMENT_TARGET = 9.2;
				LD_RUNPATH_SEARCH_PATHS = "$(inherited) @executable_path/Frameworks";
				PRODUCT_BUNDLE_IDENTIFIER = "douglasalexandre.ios.development.Tudo-On-Line";
				PRODUCT_NAME = "$(TARGET_NAME)";
				PROVISIONING_PROFILE = "";
				SWIFT_OBJC_BRIDGING_HEADER = "Tudo On Line/Tudo On Line-Bridging-Header.h";
				SWIFT_OPTIMIZATION_LEVEL = "-Onone";
			};
			name = Debug;
		};
		97DBB20E1BA0E35C0089426A /* Release */ = {
			isa = XCBuildConfiguration;
			baseConfigurationReference = 20CBB89D15F5038909F37E08 /* Pods.release.xcconfig */;
			buildSettings = {
				ASSETCATALOG_COMPILER_APPICON_NAME = AppIcon;
				CLANG_ENABLE_MODULES = YES;
				CODE_SIGN_IDENTITY = "iPhone Developer: Douglas Taquary (JWZZM6M63Y)";
				"CODE_SIGN_IDENTITY[sdk=iphoneos*]" = "iPhone Developer: Douglas Taquary (JWZZM6M63Y)";
				FRAMEWORK_SEARCH_PATHS = (
					"$(inherited)",
					"$(PROJECT_DIR)",
				);
				INFOPLIST_FILE = "Tudo On Line/Info.plist";
				IPHONEOS_DEPLOYMENT_TARGET = 9.2;
				LD_RUNPATH_SEARCH_PATHS = "$(inherited) @executable_path/Frameworks";
				PRODUCT_BUNDLE_IDENTIFIER = "douglasalexandre.ios.development.Tudo-On-Line";
				PRODUCT_NAME = "$(TARGET_NAME)";
				PROVISIONING_PROFILE = "";
				SWIFT_OBJC_BRIDGING_HEADER = "Tudo On Line/Tudo On Line-Bridging-Header.h";
			};
			name = Release;
		};
		97DBB2101BA0E35C0089426A /* Debug */ = {
			isa = XCBuildConfiguration;
			buildSettings = {
				BUNDLE_LOADER = "$(TEST_HOST)";
				INFOPLIST_FILE = "Tudo On LineTests/Info.plist";
				LD_RUNPATH_SEARCH_PATHS = "$(inherited) @executable_path/Frameworks @loader_path/Frameworks";
				PRODUCT_BUNDLE_IDENTIFIER = "douglasalexandre.ios.development.Tudo-On-LineTests";
				PRODUCT_NAME = "$(TARGET_NAME)";
				TEST_HOST = "$(BUILT_PRODUCTS_DIR)/Tudo On Line.app/Tudo On Line";
			};
			name = Debug;
		};
		97DBB2111BA0E35C0089426A /* Release */ = {
			isa = XCBuildConfiguration;
			buildSettings = {
				BUNDLE_LOADER = "$(TEST_HOST)";
				INFOPLIST_FILE = "Tudo On LineTests/Info.plist";
				LD_RUNPATH_SEARCH_PATHS = "$(inherited) @executable_path/Frameworks @loader_path/Frameworks";
				PRODUCT_BUNDLE_IDENTIFIER = "douglasalexandre.ios.development.Tudo-On-LineTests";
				PRODUCT_NAME = "$(TARGET_NAME)";
				TEST_HOST = "$(BUILT_PRODUCTS_DIR)/Tudo On Line.app/Tudo On Line";
			};
			name = Release;
		};
		97DBB2131BA0E35C0089426A /* Debug */ = {
			isa = XCBuildConfiguration;
			buildSettings = {
				INFOPLIST_FILE = "Tudo On LineUITests/Info.plist";
				LD_RUNPATH_SEARCH_PATHS = "$(inherited) @executable_path/Frameworks @loader_path/Frameworks";
				PRODUCT_BUNDLE_IDENTIFIER = "douglasalexandre.ios.development.Tudo-On-LineUITests";
				PRODUCT_NAME = "$(TARGET_NAME)";
				TEST_TARGET_NAME = "Tudo On Line";
				USES_XCTRUNNER = YES;
			};
			name = Debug;
		};
		97DBB2141BA0E35C0089426A /* Release */ = {
			isa = XCBuildConfiguration;
			buildSettings = {
				INFOPLIST_FILE = "Tudo On LineUITests/Info.plist";
				LD_RUNPATH_SEARCH_PATHS = "$(inherited) @executable_path/Frameworks @loader_path/Frameworks";
				PRODUCT_BUNDLE_IDENTIFIER = "douglasalexandre.ios.development.Tudo-On-LineUITests";
				PRODUCT_NAME = "$(TARGET_NAME)";
				TEST_TARGET_NAME = "Tudo On Line";
				USES_XCTRUNNER = YES;
			};
			name = Release;
		};
/* End XCBuildConfiguration section */

/* Begin XCConfigurationList section */
		97DBB1B61BA0E35B0089426A /* Build configuration list for PBXProject "Tudo On Line" */ = {
			isa = XCConfigurationList;
			buildConfigurations = (
				97DBB2021BA0E35C0089426A /* Debug */,
				97DBB2031BA0E35C0089426A /* Release */,
			);
			defaultConfigurationIsVisible = 0;
			defaultConfigurationName = Release;
		};
		97DBB2041BA0E35C0089426A /* Build configuration list for PBXNativeTarget "Tudo On Line WatchKit Extension" */ = {
			isa = XCConfigurationList;
			buildConfigurations = (
				97DBB2051BA0E35C0089426A /* Debug */,
				97DBB2061BA0E35C0089426A /* Release */,
			);
			defaultConfigurationIsVisible = 0;
			defaultConfigurationName = Release;
		};
		97DBB2081BA0E35C0089426A /* Build configuration list for PBXNativeTarget "Tudo On Line WatchKit App" */ = {
			isa = XCConfigurationList;
			buildConfigurations = (
				97DBB2091BA0E35C0089426A /* Debug */,
				97DBB20A1BA0E35C0089426A /* Release */,
			);
			defaultConfigurationIsVisible = 0;
			defaultConfigurationName = Release;
		};
		97DBB20C1BA0E35C0089426A /* Build configuration list for PBXNativeTarget "Tudo On Line" */ = {
			isa = XCConfigurationList;
			buildConfigurations = (
				97DBB20D1BA0E35C0089426A /* Debug */,
				97DBB20E1BA0E35C0089426A /* Release */,
			);
			defaultConfigurationIsVisible = 0;
			defaultConfigurationName = Release;
		};
		97DBB20F1BA0E35C0089426A /* Build configuration list for PBXNativeTarget "Tudo On LineTests" */ = {
			isa = XCConfigurationList;
			buildConfigurations = (
				97DBB2101BA0E35C0089426A /* Debug */,
				97DBB2111BA0E35C0089426A /* Release */,
			);
			defaultConfigurationIsVisible = 0;
			defaultConfigurationName = Release;
		};
		97DBB2121BA0E35C0089426A /* Build configuration list for PBXNativeTarget "Tudo On LineUITests" */ = {
			isa = XCConfigurationList;
			buildConfigurations = (
				97DBB2131BA0E35C0089426A /* Debug */,
				97DBB2141BA0E35C0089426A /* Release */,
			);
			defaultConfigurationIsVisible = 0;
			defaultConfigurationName = Release;
		};
/* End XCConfigurationList section */
	};
	rootObject = 97DBB1B31BA0E35B0089426A /* Project object */;
}
